# This file is autogenerated, do not edit; changes may be undone by the next 'dep ensure'.


[[projects]]
  branch = "master"
  name = "github.com/achillesss/but4print"
  packages = ["."]
  revision = "eb95df918987fba9dc20e66cb824c62594f05ef4"

[[projects]]
  name = "github.com/go-redis/redis"
  packages = [".","internal","internal/consistenthash","internal/hashtag","internal/pool","internal/proto"]
  revision = "e5e021257bfc6d5fbf0beac33e30194311fb189f"
  version = "v6.7.4"

[[projects]]
  name = "github.com/parnurzeal/gorequest"
  packages = ["."]
  revision = "8d2969c35f5ea2f8f804abe876221f665b9143aa"
  version = "v0.2.1"

[solve-meta]
  analyzer-name = "dep"
  analyzer-version = 1
  inputs-digest = "966e8f4afd59811842030393f807364c594880247b55659b329e68887d323b0e"
  solver-name = "gps-cdcl"
  solver-version = 1
